
Microsoft Visual Studio Solution File, Format Version 12.00
# Visual Studio Version 17
VisualStudioVersion = 17.9.34728.123
MinimumVisualStudioVersion = 10.0.40219.1
Project("{FAE04EC0-301F-11D3-BF4B-00C04F79EFBC}") = "Projeto_OportunidadeDuvidas", "Projeto_OportunidadeDuvidas\Projeto_OportunidadeDuvidas.csproj", "{15EFA8D7-717F-49E5-B5D8-5FCF1934543C}"
EndProject
Project("{FAE04EC0-301F-11D3-BF4B-00C04F79EFBC}") = "Models", "Models\Models.csproj", "{F13871EE-EDBA-4CA2-B755-EDC209668B28}"
EndProject
Project("{FAE04EC0-301F-11D3-BF4B-00C04F79EFBC}") = "APIOportunidade", "APIOportunidade\APIOportunidade.csproj", "{84A13B58-4065-4870-AE28-86861E2E895C}"
EndProject
Project("{FAE04EC0-301F-11D3-BF4B-00C04F79EFBC}") = "APIDuvidas", "APIDuvidas\APIDuvidas.csproj", "{D9C8E6CD-E555-4C70-B41C-691C28E9323B}"
EndProject
Global
	GlobalSection(SolutionConfigurationPlatforms) = preSolution
		Debug|Any CPU = Debug|Any CPU
		Release|Any CPU = Release|Any CPU
	EndGlobalSection
	GlobalSection(ProjectConfigurationPlatforms) = postSolution
		{15EFA8D7-717F-49E5-B5D8-5FCF1934543C}.Debug|Any CPU.ActiveCfg = Debug|Any CPU
		{15EFA8D7-717F-49E5-B5D8-5FCF1934543C}.Debug|Any CPU.Build.0 = Debug|Any CPU
		{15EFA8D7-717F-49E5-B5D8-5FCF1934543C}.Release|Any CPU.ActiveCfg = Release|Any CPU
		{15EFA8D7-717F-49E5-B5D8-5FCF1934543C}.Release|Any CPU.Build.0 = Release|Any CPU
		{F13871EE-EDBA-4CA2-B755-EDC209668B28}.Debug|Any CPU.ActiveCfg = Debug|Any CPU
		{F13871EE-EDBA-4CA2-B755-EDC209668B28}.Debug|Any CPU.Build.0 = Debug|Any CPU
		{F13871EE-EDBA-4CA2-B755-EDC209668B28}.Release|Any CPU.ActiveCfg = Release|Any CPU
		{F13871EE-EDBA-4CA2-B755-EDC209668B28}.Release|Any CPU.Build.0 = Release|Any CPU
		{84A13B58-4065-4870-AE28-86861E2E895C}.Debug|Any CPU.ActiveCfg = Debug|Any CPU
		{84A13B58-4065-4870-AE28-86861E2E895C}.Debug|Any CPU.Build.0 = Debug|Any CPU
		{84A13B58-4065-4870-AE28-86861E2E895C}.Release|Any CPU.ActiveCfg = Release|Any CPU
		{84A13B58-4065-4870-AE28-86861E2E895C}.Release|Any CPU.Build.0 = Release|Any CPU
		{D9C8E6CD-E555-4C70-B41C-691C28E9323B}.Debug|Any CPU.ActiveCfg = Debug|Any CPU
		{D9C8E6CD-E555-4C70-B41C-691C28E9323B}.Debug|Any CPU.Build.0 = Debug|Any CPU
		{D9C8E6CD-E555-4C70-B41C-691C28E9323B}.Release|Any CPU.ActiveCfg = Release|Any CPU
		{D9C8E6CD-E555-4C70-B41C-691C28E9323B}.Release|Any CPU.Build.0 = Release|Any CPU
	EndGlobalSection
	GlobalSection(SolutionProperties) = preSolution
		HideSolutionNode = FALSE
	EndGlobalSection
	GlobalSection(ExtensibilityGlobals) = postSolution
		SolutionGuid = {F56F6EA1-3C1A-4308-B657-C66FAB6C3EB5}
	EndGlobalSection
EndGlobal
